
Microsoft Visual Studio Solution File, Format Version 12.00
Project("{FAE04EC0-301F-11D3-BF4B-00C04F79EFBC}") = "PlexObsOverlay", "PlexObsOverlay\PlexObsOverlay.csproj", "{F1AA6C48-A85B-4EF8-A03F-CADAA20EF8F9}"
EndProject
Global
	GlobalSection(SolutionConfigurationPlatforms) = preSolution
		Debug|Any CPU = Debug|Any CPU
		Release|Any CPU = Release|Any CPU
	EndGlobalSection
	GlobalSection(ProjectConfigurationPlatforms) = postSolution
		{F1AA6C48-A85B-4EF8-A03F-CADAA20EF8F9}.Debug|Any CPU.ActiveCfg = Debug|Any CPU
		{F1AA6C48-A85B-4EF8-A03F-CADAA20EF8F9}.Debug|Any CPU.Build.0 = Debug|Any CPU
		{F1AA6C48-A85B-4EF8-A03F-CADAA20EF8F9}.Release|Any CPU.ActiveCfg = Release|Any CPU
		{F1AA6C48-A85B-4EF8-A03F-CADAA20EF8F9}.Release|Any CPU.Build.0 = Release|Any CPU
	EndGlobalSection
EndGlobal
